
Microsoft Visual Studio Solution File, Format Version 12.00
# Visual Studio Version 16
VisualStudioVersion = 16.0.32002.261
MinimumVisualStudioVersion = 10.0.40219.1
Project("{FAE04EC0-301F-11D3-BF4B-00C04F79EFBC}") = "AddressBook", "AddressBook.csproj", "{70BA4B9A-F0F4-49F6-AF74-FEE6C3ADEB34}"
EndProject
Global
	GlobalSection(SolutionConfigurationPlatforms) = preSolution
		Debug|Any CPU = Debug|Any CPU
		Release|Any CPU = Release|Any CPU
	EndGlobalSection
	GlobalSection(ProjectConfigurationPlatforms) = postSolution
		{70BA4B9A-F0F4-49F6-AF74-FEE6C3ADEB34}.Debug|Any CPU.ActiveCfg = Debug|Any CPU
		{70BA4B9A-F0F4-49F6-AF74-FEE6C3ADEB34}.Debug|Any CPU.Build.0 = Debug|Any CPU
		{70BA4B9A-F0F4-49F6-AF74-FEE6C3ADEB34}.Release|Any CPU.ActiveCfg = Release|Any CPU
		{70BA4B9A-F0F4-49F6-AF74-FEE6C3ADEB34}.Release|Any CPU.Build.0 = Release|Any CPU
	EndGlobalSection
	GlobalSection(SolutionProperties) = preSolution
		HideSolutionNode = FALSE
	EndGlobalSection
	GlobalSection(ExtensibilityGlobals) = postSolution
		SolutionGuid = {03989ED1-26B8-4B7C-8137-CBDB9D375B88}
	EndGlobalSection
EndGlobal
